
Microsoft Visual Studio Solution File, Format Version 12.00
# Visual Studio 14
VisualStudioVersion = 14.0.25420.1
MinimumVisualStudioVersion = 10.0.40219.1
Project("{FAE04EC0-301F-11D3-BF4B-00C04F79EFBC}") = "SoftComputing.UTJ.BLL", "SoftComputing.UTJ.BLL\SoftComputing.UTJ.BLL.csproj", "{B3B1EE75-1578-4CBC-9000-AC277D77437A}"
EndProject
Project("{FAE04EC0-301F-11D3-BF4B-00C04F79EFBC}") = "SoftComputing.UTJ.Presentation", "SoftComputing.UTJ.Presentation\SoftComputing.UTJ.Presentation.csproj", "{5F7A4104-6005-4FE2-98CC-CC69823C4F12}"
EndProject
Global
	GlobalSection(SolutionConfigurationPlatforms) = preSolution
		Debug|Any CPU = Debug|Any CPU
		Release|Any CPU = Release|Any CPU
	EndGlobalSection
	GlobalSection(ProjectConfigurationPlatforms) = postSolution
		{B3B1EE75-1578-4CBC-9000-AC277D77437A}.Debug|Any CPU.ActiveCfg = Debug|Any CPU
		{B3B1EE75-1578-4CBC-9000-AC277D77437A}.Debug|Any CPU.Build.0 = Debug|Any CPU
		{B3B1EE75-1578-4CBC-9000-AC277D77437A}.Release|Any CPU.ActiveCfg = Release|Any CPU
		{B3B1EE75-1578-4CBC-9000-AC277D77437A}.Release|Any CPU.Build.0 = Release|Any CPU
		{5F7A4104-6005-4FE2-98CC-CC69823C4F12}.Debug|Any CPU.ActiveCfg = Debug|Any CPU
		{5F7A4104-6005-4FE2-98CC-CC69823C4F12}.Debug|Any CPU.Build.0 = Debug|Any CPU
		{5F7A4104-6005-4FE2-98CC-CC69823C4F12}.Release|Any CPU.ActiveCfg = Release|Any CPU
		{5F7A4104-6005-4FE2-98CC-CC69823C4F12}.Release|Any CPU.Build.0 = Release|Any CPU
	EndGlobalSection
	GlobalSection(SolutionProperties) = preSolution
		HideSolutionNode = FALSE
	EndGlobalSection
EndGlobal
